
Microsoft Visual Studio Solution File, Format Version 12.00
# Visual Studio 2012
Project("{FAE04EC0-301F-11D3-BF4B-00C04F79EFBC}") = "LibraryManagement_Presentation_Layer", "LibraryManagement_Presentation_Layer\LibraryManagement_Presentation_Layer.csproj", "{63E3271C-2FB5-46EF-829D-8824C2F7BF4C}"
EndProject
Project("{FAE04EC0-301F-11D3-BF4B-00C04F79EFBC}") = "LibraryManagement_BusinessLogic_Layer", "LibraryManagement_BusinessLogic_Layer\LibraryManagement_BusinessLogic_Layer.csproj", "{AA6E247D-568D-43DE-919B-FB2550B9F49F}"
EndProject
Project("{FAE04EC0-301F-11D3-BF4B-00C04F79EFBC}") = "LibraryManagement_DataAccess_Layer", "LibraryManagement_DataAccess_Layer\LibraryManagement_DataAccess_Layer.csproj", "{968EBD69-6762-4038-8724-E74DB9D8BC27}"
EndProject
Global
	GlobalSection(SolutionConfigurationPlatforms) = preSolution
		Debug|Any CPU = Debug|Any CPU
		Release|Any CPU = Release|Any CPU
	EndGlobalSection
	GlobalSection(ProjectConfigurationPlatforms) = postSolution
		{63E3271C-2FB5-46EF-829D-8824C2F7BF4C}.Debug|Any CPU.ActiveCfg = Debug|Any CPU
		{63E3271C-2FB5-46EF-829D-8824C2F7BF4C}.Debug|Any CPU.Build.0 = Debug|Any CPU
		{63E3271C-2FB5-46EF-829D-8824C2F7BF4C}.Release|Any CPU.ActiveCfg = Release|Any CPU
		{63E3271C-2FB5-46EF-829D-8824C2F7BF4C}.Release|Any CPU.Build.0 = Release|Any CPU
		{AA6E247D-568D-43DE-919B-FB2550B9F49F}.Debug|Any CPU.ActiveCfg = Debug|Any CPU
		{AA6E247D-568D-43DE-919B-FB2550B9F49F}.Debug|Any CPU.Build.0 = Debug|Any CPU
		{AA6E247D-568D-43DE-919B-FB2550B9F49F}.Release|Any CPU.ActiveCfg = Release|Any CPU
		{AA6E247D-568D-43DE-919B-FB2550B9F49F}.Release|Any CPU.Build.0 = Release|Any CPU
		{968EBD69-6762-4038-8724-E74DB9D8BC27}.Debug|Any CPU.ActiveCfg = Debug|Any CPU
		{968EBD69-6762-4038-8724-E74DB9D8BC27}.Debug|Any CPU.Build.0 = Debug|Any CPU
		{968EBD69-6762-4038-8724-E74DB9D8BC27}.Release|Any CPU.ActiveCfg = Release|Any CPU
		{968EBD69-6762-4038-8724-E74DB9D8BC27}.Release|Any CPU.Build.0 = Release|Any CPU
	EndGlobalSection
	GlobalSection(SolutionProperties) = preSolution
		HideSolutionNode = FALSE
	EndGlobalSection
EndGlobal
